{
  "name": "typescript",
  "lockfileVersion": 3,
  "requires": true,
  "packages": {
    "": {
      "dependencies": {
        "readline-sync": "^1.4.10"
      },
      "devDependencies": {
        "@types/node": "^20.7.2",
        "@types/readline-sync": "^1.4.5"
      }
    },
    "node_modules/@types/node": {
      "version": "20.7.2",
      "resolved": "https://registry.npmjs.org/@types/node/-/node-20.7.2.tgz",
      "integrity": "sha512-RcdC3hOBOauLP+r/kRt27NrByYtDjsXyAuSbR87O6xpsvi763WI+5fbSIvYJrXnt9w4RuxhV6eAXfIs7aaf/FQ==",
      "dev": true
    },
    "node_modules/@types/readline-sync": {
      "version": "1.4.5",
      "resolved": "https://registry.npmjs.org/@types/readline-sync/-/readline-sync-1.4.5.tgz",
      "integrity": "sha512-vD/LCH84gWf9CoJaqGL8Ey0/oFrgHNEf/R/SPzoDeZa5Zr8Fh5tPCaTF2UC/m1shAcAHVHHZmDQrsoWMkCj0gA==",
      "dev": true
    },
    "node_modules/readline-sync": {
      "version": "1.4.10",
      "resolved": "https://registry.npmjs.org/readline-sync/-/readline-sync-1.4.10.tgz",
      "integrity": "sha512-gNva8/6UAe8QYepIQH/jQ2qn91Qj0B9sYjMBBs3QOB8F2CXcKgLxQaJRP76sWVRQt+QU+8fAkCbCvjjMFu7Ycw==",
      "engines": {
        "node": ">= 0.8.0"
      }
    }
  }
}
